# THIS IS AN AUTOGENERATED FILE. DO NOT EDIT THIS FILE DIRECTLY.
# yarn lockfile v1


"@esbuild/aix-ppc64@0.25.5":
  version "0.25.5"
  resolved "https://registry.yarnpkg.com/@esbuild/aix-ppc64/-/aix-ppc64-0.25.5.tgz#4e0f91776c2b340e75558f60552195f6fad09f18"
  integrity sha512-9o3TMmpmftaCMepOdA5k/yDw8SfInyzWWTjYTFCX3kPSDJMROQTb8jg+h9Cnwnmm1vOzvxN7gIfB5V2ewpjtGA==

"@esbuild/android-arm64@0.25.5":
  version "0.25.5"
  resolved "https://registry.yarnpkg.com/@esbuild/android-arm64/-/android-arm64-0.25.5.tgz#bc766407f1718923f6b8079c8c61bf86ac3a6a4f"
  integrity sha512-VGzGhj4lJO+TVGV1v8ntCZWJktV7SGCs3Pn1GRWI1SBFtRALoomm8k5E9Pmwg3HOAal2VDc2F9+PM/rEY6oIDg==

"@esbuild/android-arm@0.25.5":
  version "0.25.5"
  resolved "https://registry.yarnpkg.com/@esbuild/android-arm/-/android-arm-0.25.5.tgz#4290d6d3407bae3883ad2cded1081a234473ce26"
  integrity sha512-AdJKSPeEHgi7/ZhuIPtcQKr5RQdo6OO2IL87JkianiMYMPbCtot9fxPbrMiBADOWWm3T2si9stAiVsGbTQFkbA==

"@esbuild/android-x64@0.25.5":
  version "0.25.5"
  resolved "https://registry.yarnpkg.com/@esbuild/android-x64/-/android-x64-0.25.5.tgz#40c11d9cbca4f2406548c8a9895d321bc3b35eff"
  integrity sha512-D2GyJT1kjvO//drbRT3Hib9XPwQeWd9vZoBJn+bu/lVsOZ13cqNdDeqIF/xQ5/VmWvMduP6AmXvylO/PIc2isw==

"@esbuild/darwin-arm64@0.25.5":
  version "0.25.5"
  resolved "https://registry.yarnpkg.com/@esbuild/darwin-arm64/-/darwin-arm64-0.25.5.tgz#49d8bf8b1df95f759ac81eb1d0736018006d7e34"
  integrity sha512-GtaBgammVvdF7aPIgH2jxMDdivezgFu6iKpmT+48+F8Hhg5J/sfnDieg0aeG/jfSvkYQU2/pceFPDKlqZzwnfQ==

"@esbuild/darwin-x64@0.25.5":
  version "0.25.5"
  resolved "https://registry.yarnpkg.com/@esbuild/darwin-x64/-/darwin-x64-0.25.5.tgz#e27a5d92a14886ef1d492fd50fc61a2d4d87e418"
  integrity sha512-1iT4FVL0dJ76/q1wd7XDsXrSW+oLoquptvh4CLR4kITDtqi2e/xwXwdCVH8hVHU43wgJdsq7Gxuzcs6Iq/7bxQ==

"@esbuild/freebsd-arm64@0.25.5":
  version "0.25.5"
  resolved "https://registry.yarnpkg.com/@esbuild/freebsd-arm64/-/freebsd-arm64-0.25.5.tgz#97cede59d638840ca104e605cdb9f1b118ba0b1c"
  integrity sha512-nk4tGP3JThz4La38Uy/gzyXtpkPW8zSAmoUhK9xKKXdBCzKODMc2adkB2+8om9BDYugz+uGV7sLmpTYzvmz6Sw==

"@esbuild/freebsd-x64@0.25.5":
  version "0.25.5"
  resolved "https://registry.yarnpkg.com/@esbuild/freebsd-x64/-/freebsd-x64-0.25.5.tgz#71c77812042a1a8190c3d581e140d15b876b9c6f"
  integrity sha512-PrikaNjiXdR2laW6OIjlbeuCPrPaAl0IwPIaRv+SMV8CiM8i2LqVUHFC1+8eORgWyY7yhQY+2U2fA55mBzReaw==

"@esbuild/linux-arm64@0.25.5":
  version "0.25.5"
  resolved "https://registry.yarnpkg.com/@esbuild/linux-arm64/-/linux-arm64-0.25.5.tgz#f7b7c8f97eff8ffd2e47f6c67eb5c9765f2181b8"
  integrity sha512-Z9kfb1v6ZlGbWj8EJk9T6czVEjjq2ntSYLY2cw6pAZl4oKtfgQuS4HOq41M/BcoLPzrUbNd+R4BXFyH//nHxVg==

"@esbuild/linux-arm@0.25.5":
  version "0.25.5"
  resolved "https://registry.yarnpkg.com/@esbuild/linux-arm/-/linux-arm-0.25.5.tgz#2a0be71b6cd8201fa559aea45598dffabc05d911"
  integrity sha512-cPzojwW2okgh7ZlRpcBEtsX7WBuqbLrNXqLU89GxWbNt6uIg78ET82qifUy3W6OVww6ZWobWub5oqZOVtwolfw==

"@esbuild/linux-ia32@0.25.5":
  version "0.25.5"
  resolved "https://registry.yarnpkg.com/@esbuild/linux-ia32/-/linux-ia32-0.25.5.tgz#763414463cd9ea6fa1f96555d2762f9f84c61783"
  integrity sha512-sQ7l00M8bSv36GLV95BVAdhJ2QsIbCuCjh/uYrWiMQSUuV+LpXwIqhgJDcvMTj+VsQmqAHL2yYaasENvJ7CDKA==

"@esbuild/linux-loong64@0.25.5":
  version "0.25.5"
  resolved "https://registry.yarnpkg.com/@esbuild/linux-loong64/-/linux-loong64-0.25.5.tgz#428cf2213ff786a502a52c96cf29d1fcf1eb8506"
  integrity sha512-0ur7ae16hDUC4OL5iEnDb0tZHDxYmuQyhKhsPBV8f99f6Z9KQM02g33f93rNH5A30agMS46u2HP6qTdEt6Q1kg==

"@esbuild/linux-mips64el@0.25.5":
  version "0.25.5"
  resolved "https://registry.yarnpkg.com/@esbuild/linux-mips64el/-/linux-mips64el-0.25.5.tgz#5cbcc7fd841b4cd53358afd33527cd394e325d96"
  integrity sha512-kB/66P1OsHO5zLz0i6X0RxlQ+3cu0mkxS3TKFvkb5lin6uwZ/ttOkP3Z8lfR9mJOBk14ZwZ9182SIIWFGNmqmg==

"@esbuild/linux-ppc64@0.25.5":
  version "0.25.5"
  resolved "https://registry.yarnpkg.com/@esbuild/linux-ppc64/-/linux-ppc64-0.25.5.tgz#0d954ab39ce4f5e50f00c4f8c4fd38f976c13ad9"
  integrity sha512-UZCmJ7r9X2fe2D6jBmkLBMQetXPXIsZjQJCjgwpVDz+YMcS6oFR27alkgGv3Oqkv07bxdvw7fyB71/olceJhkQ==

"@esbuild/linux-riscv64@0.25.5":
  version "0.25.5"
  resolved "https://registry.yarnpkg.com/@esbuild/linux-riscv64/-/linux-riscv64-0.25.5.tgz#0e7dd30730505abd8088321e8497e94b547bfb1e"
  integrity sha512-kTxwu4mLyeOlsVIFPfQo+fQJAV9mh24xL+y+Bm6ej067sYANjyEw1dNHmvoqxJUCMnkBdKpvOn0Ahql6+4VyeA==

"@esbuild/linux-s390x@0.25.5":
  version "0.25.5"
  resolved "https://registry.yarnpkg.com/@esbuild/linux-s390x/-/linux-s390x-0.25.5.tgz#5669af81327a398a336d7e40e320b5bbd6e6e72d"
  integrity sha512-K2dSKTKfmdh78uJ3NcWFiqyRrimfdinS5ErLSn3vluHNeHVnBAFWC8a4X5N+7FgVE1EjXS1QDZbpqZBjfrqMTQ==

"@esbuild/linux-x64@0.25.5":
  version "0.25.5"
  resolved "https://registry.npmjs.org/@esbuild/linux-x64/-/linux-x64-0.25.5.tgz"
  integrity sha512-uhj8N2obKTE6pSZ+aMUbqq+1nXxNjZIIjCjGLfsWvVpy7gKCOL6rsY1MhRh9zLtUtAI7vpgLMK6DxjO8Qm9lJw==

"@esbuild/netbsd-arm64@0.25.5":
  version "0.25.5"
  resolved "https://registry.yarnpkg.com/@esbuild/netbsd-arm64/-/netbsd-arm64-0.25.5.tgz#53b4dfb8fe1cee93777c9e366893bd3daa6ba63d"
  integrity sha512-pwHtMP9viAy1oHPvgxtOv+OkduK5ugofNTVDilIzBLpoWAM16r7b/mxBvfpuQDpRQFMfuVr5aLcn4yveGvBZvw==

"@esbuild/netbsd-x64@0.25.5":
  version "0.25.5"
  resolved "https://registry.yarnpkg.com/@esbuild/netbsd-x64/-/netbsd-x64-0.25.5.tgz#a0206f6314ce7dc8713b7732703d0f58de1d1e79"
  integrity sha512-WOb5fKrvVTRMfWFNCroYWWklbnXH0Q5rZppjq0vQIdlsQKuw6mdSihwSo4RV/YdQ5UCKKvBy7/0ZZYLBZKIbwQ==

"@esbuild/openbsd-arm64@0.25.5":
  version "0.25.5"
  resolved "https://registry.yarnpkg.com/@esbuild/openbsd-arm64/-/openbsd-arm64-0.25.5.tgz#2a796c87c44e8de78001d808c77d948a21ec22fd"
  integrity sha512-7A208+uQKgTxHd0G0uqZO8UjK2R0DDb4fDmERtARjSHWxqMTye4Erz4zZafx7Di9Cv+lNHYuncAkiGFySoD+Mw==

"@esbuild/openbsd-x64@0.25.5":
  version "0.25.5"
  resolved "https://registry.yarnpkg.com/@esbuild/openbsd-x64/-/openbsd-x64-0.25.5.tgz#28d0cd8909b7fa3953af998f2b2ed34f576728f0"
  integrity sha512-G4hE405ErTWraiZ8UiSoesH8DaCsMm0Cay4fsFWOOUcz8b8rC6uCvnagr+gnioEjWn0wC+o1/TAHt+It+MpIMg==

"@esbuild/sunos-x64@0.25.5":
  version "0.25.5"
  resolved "https://registry.yarnpkg.com/@esbuild/sunos-x64/-/sunos-x64-0.25.5.tgz#a28164f5b997e8247d407e36c90d3fd5ddbe0dc5"
  integrity sha512-l+azKShMy7FxzY0Rj4RCt5VD/q8mG/e+mDivgspo+yL8zW7qEwctQ6YqKX34DTEleFAvCIUviCFX1SDZRSyMQA==

"@esbuild/win32-arm64@0.25.5":
  version "0.25.5"
  resolved "https://registry.yarnpkg.com/@esbuild/win32-arm64/-/win32-arm64-0.25.5.tgz#6eadbead38e8bd12f633a5190e45eff80e24007e"
  integrity sha512-O2S7SNZzdcFG7eFKgvwUEZ2VG9D/sn/eIiz8XRZ1Q/DO5a3s76Xv0mdBzVM5j5R639lXQmPmSo0iRpHqUUrsxw==

"@esbuild/win32-ia32@0.25.5":
  version "0.25.5"
  resolved "https://registry.yarnpkg.com/@esbuild/win32-ia32/-/win32-ia32-0.25.5.tgz#bab6288005482f9ed2adb9ded7e88eba9a62cc0d"
  integrity sha512-onOJ02pqs9h1iMJ1PQphR+VZv8qBMQ77Klcsqv9CNW2w6yLqoURLcgERAIurY6QE63bbLuqgP9ATqajFLK5AMQ==

"@esbuild/win32-x64@0.25.5":
  version "0.25.5"
  resolved "https://registry.yarnpkg.com/@esbuild/win32-x64/-/win32-x64-0.25.5.tgz#7fc114af5f6563f19f73324b5d5ff36ece0803d1"
  integrity sha512-TXv6YnJ8ZMVdX+SXWVBo/0p8LTcrUYngpWjvm91TMjjBQii7Oz11Lw5lbDV5Y0TzuhSJHwiH4hEtC1I42mMS0g==

"@fastify/ajv-compiler@^3.5.0":
  version "3.6.0"
  resolved "https://registry.npmjs.org/@fastify/ajv-compiler/-/ajv-compiler-3.6.0.tgz"
  integrity sha512-LwdXQJjmMD+GwLOkP7TVC68qa+pSSogeWWmznRJ/coyTcfe9qA05AHFSe1eZFwK6q+xVRpChnvFUkf1iYaSZsQ==
  dependencies:
    ajv "^8.11.0"
    ajv-formats "^2.1.1"
    fast-uri "^2.0.0"

"@fastify/error@^3.3.0", "@fastify/error@^3.4.0":
  version "3.4.1"
  resolved "https://registry.npmjs.org/@fastify/error/-/error-3.4.1.tgz"
  integrity sha512-wWSvph+29GR783IhmvdwWnN4bUxTD01Vm5Xad4i7i1VuAOItLvbPAb69sb0IQ2N57yprvhNIwAP5B6xfKTmjmQ==

"@fastify/fast-json-stringify-compiler@^4.3.0":
  version "4.3.0"
  resolved "https://registry.npmjs.org/@fastify/fast-json-stringify-compiler/-/fast-json-stringify-compiler-4.3.0.tgz"
  integrity sha512-aZAXGYo6m22Fk1zZzEUKBvut/CIIQe/BapEORnxiD5Qr0kPHqqI69NtEMCme74h+at72sPhbkb4ZrLd1W3KRLA==
  dependencies:
    fast-json-stringify "^5.7.0"

"@fastify/merge-json-schemas@^0.1.0":
  version "0.1.1"
  resolved "https://registry.npmjs.org/@fastify/merge-json-schemas/-/merge-json-schemas-0.1.1.tgz"
  integrity sha512-fERDVz7topgNjtXsJTTW1JKLy0rhuLRcquYqNR9rF7OcVpCa2OVW49ZPDIhaRRCaUuvVxI+N416xUoF76HNSXA==
  dependencies:
    fast-deep-equal "^3.1.3"

"@mongodb-js/saslprep@^1.1.9":
  version "1.2.2"
  resolved "https://registry.npmjs.org/@mongodb-js/saslprep/-/saslprep-1.2.2.tgz"
  integrity sha512-EB0O3SCSNRUFk66iRCpI+cXzIjdswfCs7F6nOC3RAGJ7xr5YhaicvsRwJ9eyzYvYRlCSDUO/c7g4yNulxKC1WA==
  dependencies:
    sparse-bitfield "^3.0.3"

"@prisma/client@^6.10.1":
  version "6.10.1"
  resolved "https://registry.npmjs.org/@prisma/client/-/client-6.10.1.tgz"
  integrity sha512-Re4pMlcUsQsUTAYMK7EJ4Bw2kg3WfZAAlr8GjORJaK4VOP6LxRQUQ1TuLnxcF42XqGkWQ36q5CQF1yVadANQ6w==

"@prisma/config@6.9.0":
  version "6.9.0"
  resolved "https://registry.npmjs.org/@prisma/config/-/config-6.9.0.tgz"
  integrity sha512-Wcfk8/lN3WRJd5w4jmNQkUwhUw0eksaU/+BlAJwPQKW10k0h0LC9PD/6TQFmqKVbHQL0vG2z266r0S1MPzzhbA==
  dependencies:
    jiti "2.4.2"

"@prisma/debug@6.9.0":
  version "6.9.0"
  resolved "https://registry.npmjs.org/@prisma/debug/-/debug-6.9.0.tgz"
  integrity sha512-bFeur/qi/Q+Mqk4JdQ3R38upSYPebv5aOyD1RKywVD+rAMLtRkmTFn28ZuTtVOnZHEdtxnNOCH+bPIeSGz1+Fg==

"@prisma/engines-version@6.9.0-10.81e4af48011447c3cc503a190e86995b66d2a28e":
  version "6.9.0-10.81e4af48011447c3cc503a190e86995b66d2a28e"
  resolved "https://registry.npmjs.org/@prisma/engines-version/-/engines-version-6.9.0-10.81e4af48011447c3cc503a190e86995b66d2a28e.tgz"
  integrity sha512-Qp9gMoBHgqhKlrvumZWujmuD7q4DV/gooEyPCLtbkc13EZdSz2RsGUJ5mHb3RJgAbk+dm6XenqG7obJEhXcJ6Q==

"@prisma/engines@6.9.0":
  version "6.9.0"
  resolved "https://registry.npmjs.org/@prisma/engines/-/engines-6.9.0.tgz"
  integrity sha512-im0X0bwDLA0244CDf8fuvnLuCQcBBdAGgr+ByvGfQY9wWl6EA+kRGwVk8ZIpG65rnlOwtaWIr/ZcEU5pNVvq9g==
  dependencies:
    "@prisma/debug" "6.9.0"
    "@prisma/engines-version" "6.9.0-10.81e4af48011447c3cc503a190e86995b66d2a28e"
    "@prisma/fetch-engine" "6.9.0"
    "@prisma/get-platform" "6.9.0"

"@prisma/fetch-engine@6.9.0":
  version "6.9.0"
  resolved "https://registry.npmjs.org/@prisma/fetch-engine/-/fetch-engine-6.9.0.tgz"
  integrity sha512-PMKhJdl4fOdeE3J3NkcWZ+tf3W6rx3ht/rLU8w4SXFRcLhd5+3VcqY4Kslpdm8osca4ej3gTfB3+cSk5pGxgFg==
  dependencies:
    "@prisma/debug" "6.9.0"
    "@prisma/engines-version" "6.9.0-10.81e4af48011447c3cc503a190e86995b66d2a28e"
    "@prisma/get-platform" "6.9.0"

"@prisma/get-platform@6.9.0":
  version "6.9.0"
  resolved "https://registry.npmjs.org/@prisma/get-platform/-/get-platform-6.9.0.tgz"
  integrity sha512-/B4n+5V1LI/1JQcHp+sUpyRT1bBgZVPHbsC4lt4/19Xp4jvNIVcq5KYNtQDk5e/ukTSjo9PZVAxxy9ieFtlpTQ==
  dependencies:
    "@prisma/debug" "6.9.0"

"@types/bcrypt@^5.0.2":
  version "5.0.2"
  resolved "https://registry.npmjs.org/@types/bcrypt/-/bcrypt-5.0.2.tgz"
  integrity sha512-6atioO8Y75fNcbmj0G7UjI9lXN2pQ/IGJ2FWT4a/btd0Lk9lQalHLKhkgKVZ3r+spnmWUKfbMi1GEe9wyHQfNQ==
  dependencies:
    "@types/node" "*"

"@types/mongoose@^5.11.97":
  version "5.11.97"
  resolved "https://registry.npmjs.org/@types/mongoose/-/mongoose-5.11.97.tgz"
  integrity sha512-cqwOVYT3qXyLiGw7ueU2kX9noE8DPGRY6z8eUxudhXY8NZ7DMKYAxyZkLSevGfhCX3dO/AoX5/SO9lAzfjon0Q==
  dependencies:
    mongoose "*"

"@types/node@*", "@types/node@^20.14.11":
  version "20.17.58"
  resolved "https://registry.npmjs.org/@types/node/-/node-20.17.58.tgz"
  integrity sha512-UvxetCgGwZ9HmsgGZ2tpStt6CiFU1bu28ftHWpDyfthsCt7OHXas0C7j0VgO3gBq8UHKI785wXmtcQVhLekcRg==
  dependencies:
    undici-types "~6.19.2"

"@types/webidl-conversions@*":
  version "7.0.3"
  resolved "https://registry.npmjs.org/@types/webidl-conversions/-/webidl-conversions-7.0.3.tgz"
  integrity sha512-CiJJvcRtIgzadHCYXw7dqEnMNRjhGZlYK05Mj9OyktqV8uVT8fD2BFOB7S1uwBE3Kj2Z+4UyPmFw/Ixgw/LAlA==

"@types/whatwg-url@^11.0.2":
  version "11.0.5"
  resolved "https://registry.npmjs.org/@types/whatwg-url/-/whatwg-url-11.0.5.tgz"
  integrity sha512-coYR071JRaHa+xoEvvYqvnIHaVqaYrLPbsufM9BF63HkwI5Lgmy2QR8Q5K/lYDYo5AK82wOvSOS0UsLTpTG7uQ==
  dependencies:
    "@types/webidl-conversions" "*"

abstract-logging@^2.0.1:
  version "2.0.1"
  resolved "https://registry.npmjs.org/abstract-logging/-/abstract-logging-2.0.1.tgz"
  integrity sha512-2BjRTZxTPvheOvGbBslFSYOUkr+SjPtOnrLP33f+VIWLzezQpZcqVg7ja3L4dBXmzzgwT+a029jRx5PCi3JuiA==

ajv-formats@^2.1.1:
  version "2.1.1"
  resolved "https://registry.npmjs.org/ajv-formats/-/ajv-formats-2.1.1.tgz"
  integrity sha512-Wx0Kx52hxE7C18hkMEggYlEifqWZtYaRgouJor+WMdPnQyEK13vgEWyVNup7SoeeoLMsr4kf5h6dOW11I15MUA==
  dependencies:
    ajv "^8.0.0"

ajv-formats@^3.0.1:
  version "3.0.1"
  resolved "https://registry.npmjs.org/ajv-formats/-/ajv-formats-3.0.1.tgz"
  integrity sha512-8iUql50EUR+uUcdRQ3HDqa6EVyo3docL8g5WJ3FNcWmu62IbkGUue/pEyLBW8VGKKucTPgqeks4fIU1DA4yowQ==
  dependencies:
    ajv "^8.0.0"

ajv@^8.0.0, ajv@^8.10.0, ajv@^8.11.0:
  version "8.17.1"
  resolved "https://registry.npmjs.org/ajv/-/ajv-8.17.1.tgz"
  integrity sha512-B/gBuNg5SiMTrPkC+A2+cW0RszwxYmn6VYxB/inlBStS5nx6xHIt/ehKRhIMhqusl7a8LjQoZnjCs5vhwxOQ1g==
  dependencies:
    fast-deep-equal "^3.1.3"
    fast-uri "^3.0.1"
    json-schema-traverse "^1.0.0"
    require-from-string "^2.0.2"

atomic-sleep@^1.0.0:
  version "1.0.0"
  resolved "https://registry.npmjs.org/atomic-sleep/-/atomic-sleep-1.0.0.tgz"
  integrity sha512-kNOjDqAh7px0XWNI+4QbzoiR/nTkHAWNud2uvnJquD1/x5a7EQZMJT0AczqK0Qn67oY/TTQ1LbUKajZpp3I9tQ==

avvio@^8.3.0:
  version "8.4.0"
  resolved "https://registry.npmjs.org/avvio/-/avvio-8.4.0.tgz"
  integrity sha512-CDSwaxINFy59iNwhYnkvALBwZiTydGkOecZyPkqBpABYR1KqGEsET0VOOYDwtleZSUIdeY36DC2bSZ24CO1igA==
  dependencies:
    "@fastify/error" "^3.3.0"
    fastq "^1.17.1"

bcrypt@^6.0.0:
  version "6.0.0"
  resolved "https://registry.npmjs.org/bcrypt/-/bcrypt-6.0.0.tgz"
  integrity sha512-cU8v/EGSrnH+HnxV2z0J7/blxH8gq7Xh2JFT6Aroax7UohdmiJJlxApMxtKfuI7z68NvvVcmR78k2LbT6efhRg==
  dependencies:
    node-addon-api "^8.3.0"
    node-gyp-build "^4.8.4"

bson@^6.10.3:
  version "6.10.4"
  resolved "https://registry.npmjs.org/bson/-/bson-6.10.4.tgz"
  integrity sha512-WIsKqkSC0ABoBJuT1LEX+2HEvNmNKKgnTAyd0fL8qzK4SH2i9NXg+t08YtdZp/V9IZ33cxe3iV4yM0qg8lMQng==

cookie@^0.7.0:
  version "0.7.2"
  resolved "https://registry.npmjs.org/cookie/-/cookie-0.7.2.tgz"
  integrity sha512-yki5XnKuf750l50uGTllt6kKILY4nQ1eNIQatoXEByZ5dWgnKqbnqmTrBE5B4N7lrMJKQ2ytWMiTO2o0v6Ew/w==

debug@4.x:
  version "4.4.1"
  resolved "https://registry.npmjs.org/debug/-/debug-4.4.1.tgz"
  integrity sha512-KcKCqiftBJcZr++7ykoDIEwSa3XWowTfNPo92BYxjXiyYEVrUQh2aLyhxBCwww+heortUFxEJYcRzosstTEBYQ==
  dependencies:
    ms "^2.1.3"

esbuild@~0.25.0:
  version "0.25.5"
  resolved "https://registry.npmjs.org/esbuild/-/esbuild-0.25.5.tgz"
  integrity sha512-P8OtKZRv/5J5hhz0cUAdu/cLuPIKXpQl1R9pZtvmHWQvrAUVd0UNIPT4IB4W3rNOqVO0rlqHmCIbSwxh/c9yUQ==
  optionalDependencies:
    "@esbuild/aix-ppc64" "0.25.5"
    "@esbuild/android-arm" "0.25.5"
    "@esbuild/android-arm64" "0.25.5"
    "@esbuild/android-x64" "0.25.5"
    "@esbuild/darwin-arm64" "0.25.5"
    "@esbuild/darwin-x64" "0.25.5"
    "@esbuild/freebsd-arm64" "0.25.5"
    "@esbuild/freebsd-x64" "0.25.5"
    "@esbuild/linux-arm" "0.25.5"
    "@esbuild/linux-arm64" "0.25.5"
    "@esbuild/linux-ia32" "0.25.5"
    "@esbuild/linux-loong64" "0.25.5"
    "@esbuild/linux-mips64el" "0.25.5"
    "@esbuild/linux-ppc64" "0.25.5"
    "@esbuild/linux-riscv64" "0.25.5"
    "@esbuild/linux-s390x" "0.25.5"
    "@esbuild/linux-x64" "0.25.5"
    "@esbuild/netbsd-arm64" "0.25.5"
    "@esbuild/netbsd-x64" "0.25.5"
    "@esbuild/openbsd-arm64" "0.25.5"
    "@esbuild/openbsd-x64" "0.25.5"
    "@esbuild/sunos-x64" "0.25.5"
    "@esbuild/win32-arm64" "0.25.5"
    "@esbuild/win32-ia32" "0.25.5"
    "@esbuild/win32-x64" "0.25.5"

fast-content-type-parse@^1.1.0:
  version "1.1.0"
  resolved "https://registry.npmjs.org/fast-content-type-parse/-/fast-content-type-parse-1.1.0.tgz"
  integrity sha512-fBHHqSTFLVnR61C+gltJuE5GkVQMV0S2nqUO8TJ+5Z3qAKG8vAx4FKai1s5jq/inV1+sREynIWSuQ6HgoSXpDQ==

fast-decode-uri-component@^1.0.1:
  version "1.0.1"
  resolved "https://registry.npmjs.org/fast-decode-uri-component/-/fast-decode-uri-component-1.0.1.tgz"
  integrity sha512-WKgKWg5eUxvRZGwW8FvfbaH7AXSh2cL+3j5fMGzUMCxWBJ3dV3a7Wz8y2f/uQ0e3B6WmodD3oS54jTQ9HVTIIg==

fast-deep-equal@^3.1.3:
  version "3.1.3"
  resolved "https://registry.npmjs.org/fast-deep-equal/-/fast-deep-equal-3.1.3.tgz"
  integrity sha512-f3qQ9oQy9j2AhBe/H9VC91wLmKBCCU/gDOnKNAYG5hswO7BLKj09Hc5HYNz9cGI++xlpDCIgDaitVs03ATR84Q==

fast-json-stringify@^5.7.0, fast-json-stringify@^5.8.0:
  version "5.16.1"
  resolved "https://registry.npmjs.org/fast-json-stringify/-/fast-json-stringify-5.16.1.tgz"
  integrity sha512-KAdnLvy1yu/XrRtP+LJnxbBGrhN+xXu+gt3EUvZhYGKCr3lFHq/7UFJHHFgmJKoqlh6B40bZLEv7w46B0mqn1g==
  dependencies:
    "@fastify/merge-json-schemas" "^0.1.0"
    ajv "^8.10.0"
    ajv-formats "^3.0.1"
    fast-deep-equal "^3.1.3"
    fast-uri "^2.1.0"
    json-schema-ref-resolver "^1.0.1"
    rfdc "^1.2.0"

fast-querystring@^1.0.0:
  version "1.1.2"
  resolved "https://registry.npmjs.org/fast-querystring/-/fast-querystring-1.1.2.tgz"
  integrity sha512-g6KuKWmFXc0fID8WWH0jit4g0AGBoJhCkJMb1RmbsSEUNvQ+ZC8D6CUZ+GtF8nMzSPXnhiePyyqqipzNNEnHjg==
  dependencies:
    fast-decode-uri-component "^1.0.1"

fast-redact@^3.1.1:
  version "3.5.0"
  resolved "https://registry.npmjs.org/fast-redact/-/fast-redact-3.5.0.tgz"
  integrity sha512-dwsoQlS7h9hMeYUq1W++23NDcBLV4KqONnITDV9DjfS3q1SgDGVrBdvvTLUotWtPSD7asWDV9/CmsZPy8Hf70A==

fast-uri@^2.0.0, fast-uri@^2.1.0:
  version "2.4.0"
  resolved "https://registry.npmjs.org/fast-uri/-/fast-uri-2.4.0.tgz"
  integrity sha512-ypuAmmMKInk5q7XcepxlnUWDLWv4GFtaJqAzWKqn62IpQ3pejtr5dTVbt3vwqVaMKmkNR55sTT+CqUKIaT21BA==

fast-uri@^3.0.1:
  version "3.0.6"
  resolved "https://registry.npmjs.org/fast-uri/-/fast-uri-3.0.6.tgz"
  integrity sha512-Atfo14OibSv5wAp4VWNsFYE1AchQRTv9cBGWET4pZWHzYshFSS9NQI6I57rdKn9croWVMbYFbLhJ+yJvmZIIHw==

fastify@^4.28.1:
  version "4.29.1"
  resolved "https://registry.npmjs.org/fastify/-/fastify-4.29.1.tgz"
  integrity sha512-m2kMNHIG92tSNWv+Z3UeTR9AWLLuo7KctC7mlFPtMEVrfjIhmQhkQnT9v15qA/BfVq3vvj134Y0jl9SBje3jXQ==
  dependencies:
    "@fastify/ajv-compiler" "^3.5.0"
    "@fastify/error" "^3.4.0"
    "@fastify/fast-json-stringify-compiler" "^4.3.0"
    abstract-logging "^2.0.1"
    avvio "^8.3.0"
    fast-content-type-parse "^1.1.0"
    fast-json-stringify "^5.8.0"
    find-my-way "^8.0.0"
    light-my-request "^5.11.0"
    pino "^9.0.0"
    process-warning "^3.0.0"
    proxy-addr "^2.0.7"
    rfdc "^1.3.0"
    secure-json-parse "^2.7.0"
    semver "^7.5.4"
    toad-cache "^3.3.0"

fastq@^1.17.1:
  version "1.19.1"
  resolved "https://registry.npmjs.org/fastq/-/fastq-1.19.1.tgz"
  integrity sha512-GwLTyxkCXjXbxqIhTsMI2Nui8huMPtnxg7krajPJAjnEG/iiOS7i+zCtWGZR9G0NBKbXKh6X9m9UIsYX/N6vvQ==
  dependencies:
    reusify "^1.0.4"

find-my-way@^8.0.0:
  version "8.2.2"
  resolved "https://registry.npmjs.org/find-my-way/-/find-my-way-8.2.2.tgz"
  integrity sha512-Dobi7gcTEq8yszimcfp/R7+owiT4WncAJ7VTTgFH1jYJ5GaG1FbhjwDG820hptN0QDFvzVY3RfCzdInvGPGzjA==
  dependencies:
    fast-deep-equal "^3.1.3"
    fast-querystring "^1.0.0"
    safe-regex2 "^3.1.0"

forwarded@0.2.0:
  version "0.2.0"
  resolved "https://registry.npmjs.org/forwarded/-/forwarded-0.2.0.tgz"
  integrity sha512-buRG0fpBtRHSTCOASe6hD258tEubFoRLb4ZNA6NxMVHNw2gOcwHo9wyablzMzOA5z9xA9L1KNjk/Nt6MT9aYow==

fsevents@~2.3.3:
  version "2.3.3"
  resolved "https://registry.yarnpkg.com/fsevents/-/fsevents-2.3.3.tgz#cac6407785d03675a2a5e1a5305c697b347d90d6"
  integrity sha512-5xoDfX+fL7faATnagmWPpbFtwh/R77WmMMqqHGS65C3vvB0YHrgF+B1YmZ3441tMj5n63k0212XNoJwzlhffQw==

get-tsconfig@^4.7.5:
  version "4.10.1"
  resolved "https://registry.npmjs.org/get-tsconfig/-/get-tsconfig-4.10.1.tgz"
  integrity sha512-auHyJ4AgMz7vgS8Hp3N6HXSmlMdUyhSUrfBF16w153rxtLIEOE+HGqaBppczZvnHLqQJfiHotCYpNhl0lUROFQ==
  dependencies:
    resolve-pkg-maps "^1.0.0"

ipaddr.js@1.9.1:
  version "1.9.1"
  resolved "https://registry.npmjs.org/ipaddr.js/-/ipaddr.js-1.9.1.tgz"
  integrity sha512-0KI/607xoxSToH7GjN1FfSbLoU0+btTicjsQSWQlh/hZykN8KpmMf7uYwPW3R+akZ6R/w18ZlXSHBYXiYUPO3g==

jiti@2.4.2:
  version "2.4.2"
  resolved "https://registry.npmjs.org/jiti/-/jiti-2.4.2.tgz"
  integrity sha512-rg9zJN+G4n2nfJl5MW3BMygZX56zKPNVEYYqq7adpmMh4Jn2QNEwhvQlFy6jPVdcod7txZtKHWnyZiA3a0zP7A==

json-schema-ref-resolver@^1.0.1:
  version "1.0.1"
  resolved "https://registry.npmjs.org/json-schema-ref-resolver/-/json-schema-ref-resolver-1.0.1.tgz"
  integrity sha512-EJAj1pgHc1hxF6vo2Z3s69fMjO1INq6eGHXZ8Z6wCQeldCuwxGK9Sxf4/cScGn3FZubCVUehfWtcDM/PLteCQw==
  dependencies:
    fast-deep-equal "^3.1.3"

json-schema-traverse@^1.0.0:
  version "1.0.0"
  resolved "https://registry.npmjs.org/json-schema-traverse/-/json-schema-traverse-1.0.0.tgz"
  integrity sha512-NM8/P9n3XjXhIZn1lLhkFaACTOURQXjWhV4BA/RnOv8xvgqtqpAX9IO4mRQxSx1Rlo4tqzeqb0sOlruaOy3dug==

kareem@2.6.3:
  version "2.6.3"
  resolved "https://registry.npmjs.org/kareem/-/kareem-2.6.3.tgz"
  integrity sha512-C3iHfuGUXK2u8/ipq9LfjFfXFxAZMQJJq7vLS45r3D9Y2xQ/m4S8zaR4zMLFWh9AsNPXmcFfUDhTEO8UIC/V6Q==

light-my-request@^5.11.0:
  version "5.14.0"
  resolved "https://registry.npmjs.org/light-my-request/-/light-my-request-5.14.0.tgz"
  integrity sha512-aORPWntbpH5esaYpGOOmri0OHDOe3wC5M2MQxZ9dvMLZm6DnaAn0kJlcbU9hwsQgLzmZyReKwFwwPkR+nHu5kA==
  dependencies:
    cookie "^0.7.0"
    process-warning "^3.0.0"
    set-cookie-parser "^2.4.1"

memory-pager@^1.0.2:
  version "1.5.0"
  resolved "https://registry.npmjs.org/memory-pager/-/memory-pager-1.5.0.tgz"
  integrity sha512-ZS4Bp4r/Zoeq6+NLJpP+0Zzm0pR8whtGPf1XExKLJBAczGMnSi3It14OiNCStjQjM6NU1okjQGSxgEZN8eBYKg==

mongodb-connection-string-url@^3.0.0:
  version "3.0.2"
  resolved "https://registry.npmjs.org/mongodb-connection-string-url/-/mongodb-connection-string-url-3.0.2.tgz"
  integrity sha512-rMO7CGo/9BFwyZABcKAWL8UJwH/Kc2x0g72uhDWzG48URRax5TCIcJ7Rc3RZqffZzO/Gwff/jyKwCU9TN8gehA==
  dependencies:
    "@types/whatwg-url" "^11.0.2"
    whatwg-url "^14.1.0 || ^13.0.0"

mongodb@~6.16.0:
  version "6.16.0"
  resolved "https://registry.npmjs.org/mongodb/-/mongodb-6.16.0.tgz"
  integrity sha512-D1PNcdT0y4Grhou5Zi/qgipZOYeWrhLEpk33n3nm6LGtz61jvO88WlrWCK/bigMjpnOdAUKKQwsGIl0NtWMyYw==
  dependencies:
    "@mongodb-js/saslprep" "^1.1.9"
    bson "^6.10.3"
    mongodb-connection-string-url "^3.0.0"

mongoose@*, mongoose@^8.5.1:
  version "8.15.1"
  resolved "https://registry.npmjs.org/mongoose/-/mongoose-8.15.1.tgz"
  integrity sha512-RhQ4DzmBi5BNGcS0w4u1vdMRIKcteXTCNzDt1j7XRcdWYBz1MjMjulBhPaeC5jBCHOD1yinuOFTTSOWLLGexWw==
  dependencies:
    bson "^6.10.3"
    kareem "2.6.3"
    mongodb "~6.16.0"
    mpath "0.9.0"
    mquery "5.0.0"
    ms "2.1.3"
    sift "17.1.3"

mpath@0.9.0:
  version "0.9.0"
  resolved "https://registry.npmjs.org/mpath/-/mpath-0.9.0.tgz"
  integrity sha512-ikJRQTk8hw5DEoFVxHG1Gn9T/xcjtdnOKIU1JTmGjZZlg9LST2mBLmcX3/ICIbgJydT2GOc15RnNy5mHmzfSew==

mquery@5.0.0:
  version "5.0.0"
  resolved "https://registry.npmjs.org/mquery/-/mquery-5.0.0.tgz"
  integrity sha512-iQMncpmEK8R8ncT8HJGsGc9Dsp8xcgYMVSbs5jgnm1lFHTZqMJTUWTDx1LBO8+mK3tPNZWFLBghQEIOULSTHZg==
  dependencies:
    debug "4.x"

ms@2.1.3, ms@^2.1.3:
  version "2.1.3"
  resolved "https://registry.npmjs.org/ms/-/ms-2.1.3.tgz"
  integrity sha512-6FlzubTLZG3J2a/NVCAleEhjzq5oxgHyaCU9yYXvcLsvoVaHJq/s5xXI6/XXP6tz7R9xAOtHnSO/tXtF3WRTlA==

node-addon-api@^8.3.0:
  version "8.4.0"
  resolved "https://registry.npmjs.org/node-addon-api/-/node-addon-api-8.4.0.tgz"
  integrity sha512-D9DI/gXHvVmjHS08SVch0Em8G5S1P+QWtU31appcKT/8wFSPRcdHadIFSAntdMMVM5zz+/DL+bL/gz3UDppqtg==

node-gyp-build@^4.8.4:
  version "4.8.4"
  resolved "https://registry.npmjs.org/node-gyp-build/-/node-gyp-build-4.8.4.tgz"
  integrity sha512-LA4ZjwlnUblHVgq0oBF3Jl/6h/Nvs5fzBLwdEF4nuxnFdsfajde4WfxtJr3CaiH+F6ewcIB/q4jQ4UzPyid+CQ==

on-exit-leak-free@^2.1.0:
  version "2.1.2"
  resolved "https://registry.npmjs.org/on-exit-leak-free/-/on-exit-leak-free-2.1.2.tgz"
  integrity sha512-0eJJY6hXLGf1udHwfNftBqH+g73EU4B504nZeKpz1sYRKafAghwxEJunB2O7rDZkL4PGfsMVnTXZ2EjibbqcsA==

pino-abstract-transport@^2.0.0:
  version "2.0.0"
  resolved "https://registry.npmjs.org/pino-abstract-transport/-/pino-abstract-transport-2.0.0.tgz"
  integrity sha512-F63x5tizV6WCh4R6RHyi2Ml+M70DNRXt/+HANowMflpgGFMAym/VKm6G7ZOQRjqN7XbGxK1Lg9t6ZrtzOaivMw==
  dependencies:
    split2 "^4.0.0"

pino-std-serializers@^7.0.0:
  version "7.0.0"
  resolved "https://registry.npmjs.org/pino-std-serializers/-/pino-std-serializers-7.0.0.tgz"
  integrity sha512-e906FRY0+tV27iq4juKzSYPbUj2do2X2JX4EzSca1631EB2QJQUqGbDuERal7LCtOpxl6x3+nvo9NPZcmjkiFA==

pino@^9.0.0:
  version "9.7.0"
  resolved "https://registry.npmjs.org/pino/-/pino-9.7.0.tgz"
  integrity sha512-vnMCM6xZTb1WDmLvtG2lE/2p+t9hDEIvTWJsu6FejkE62vB7gDhvzrpFR4Cw2to+9JNQxVnkAKVPA1KPB98vWg==
  dependencies:
    atomic-sleep "^1.0.0"
    fast-redact "^3.1.1"
    on-exit-leak-free "^2.1.0"
    pino-abstract-transport "^2.0.0"
    pino-std-serializers "^7.0.0"
    process-warning "^5.0.0"
    quick-format-unescaped "^4.0.3"
    real-require "^0.2.0"
    safe-stable-stringify "^2.3.1"
    sonic-boom "^4.0.1"
    thread-stream "^3.0.0"

prisma@^6.9.0:
  version "6.9.0"
  resolved "https://registry.npmjs.org/prisma/-/prisma-6.9.0.tgz"
  integrity sha512-resJAwMyZREC/I40LF6FZ6rZTnlrlrYrb63oW37Gq+U+9xHwbyMSPJjKtM7VZf3gTO86t/Oyz+YeSXr3CmAY1Q==
  dependencies:
    "@prisma/config" "6.9.0"
    "@prisma/engines" "6.9.0"

process-warning@^3.0.0:
  version "3.0.0"
  resolved "https://registry.npmjs.org/process-warning/-/process-warning-3.0.0.tgz"
  integrity sha512-mqn0kFRl0EoqhnL0GQ0veqFHyIN1yig9RHh/InzORTUiZHFRAur+aMtRkELNwGs9aNwKS6tg/An4NYBPGwvtzQ==

process-warning@^5.0.0:
  version "5.0.0"
  resolved "https://registry.npmjs.org/process-warning/-/process-warning-5.0.0.tgz"
  integrity sha512-a39t9ApHNx2L4+HBnQKqxxHNs1r7KF+Intd8Q/g1bUh6q0WIp9voPXJ/x0j+ZL45KF1pJd9+q2jLIRMfvEshkA==

proxy-addr@^2.0.7:
  version "2.0.7"
  resolved "https://registry.npmjs.org/proxy-addr/-/proxy-addr-2.0.7.tgz"
  integrity sha512-llQsMLSUDUPT44jdrU/O37qlnifitDP+ZwrmmZcoSKyLKvtZxpyV0n2/bD/N4tBAAZ/gJEdZU7KMraoK1+XYAg==
  dependencies:
    forwarded "0.2.0"
    ipaddr.js "1.9.1"

punycode@^2.3.1:
  version "2.3.1"
  resolved "https://registry.npmjs.org/punycode/-/punycode-2.3.1.tgz"
  integrity sha512-vYt7UD1U9Wg6138shLtLOvdAu+8DsC/ilFtEVHcH+wydcSpNE20AfSOduf6MkRFahL5FY7X1oU7nKVZFtfq8Fg==

quick-format-unescaped@^4.0.3:
  version "4.0.4"
  resolved "https://registry.npmjs.org/quick-format-unescaped/-/quick-format-unescaped-4.0.4.tgz"
  integrity sha512-tYC1Q1hgyRuHgloV/YXs2w15unPVh8qfu/qCTfhTYamaw7fyhumKa2yGpdSo87vY32rIclj+4fWYQXUMs9EHvg==

real-require@^0.2.0:
  version "0.2.0"
  resolved "https://registry.npmjs.org/real-require/-/real-require-0.2.0.tgz"
  integrity sha512-57frrGM/OCTLqLOAh0mhVA9VBMHd+9U7Zb2THMGdBUoZVOtGbJzjxsYGDJ3A9AYYCP4hn6y1TVbaOfzWtm5GFg==

require-from-string@^2.0.2:
  version "2.0.2"
  resolved "https://registry.npmjs.org/require-from-string/-/require-from-string-2.0.2.tgz"
  integrity sha512-Xf0nWe6RseziFMu+Ap9biiUbmplq6S9/p+7w7YXP/JBHhrUDDUhwa+vANyubuqfZWTveU//DYVGsDG7RKL/vEw==

resolve-pkg-maps@^1.0.0:
  version "1.0.0"
  resolved "https://registry.npmjs.org/resolve-pkg-maps/-/resolve-pkg-maps-1.0.0.tgz"
  integrity sha512-seS2Tj26TBVOC2NIc2rOe2y2ZO7efxITtLZcGSOnHHNOQ7CkiUBfw0Iw2ck6xkIhPwLhKNLS8BO+hEpngQlqzw==

ret@~0.4.0:
  version "0.4.3"
  resolved "https://registry.npmjs.org/ret/-/ret-0.4.3.tgz"
  integrity sha512-0f4Memo5QP7WQyUEAYUO3esD/XjOc3Zjjg5CPsAq1p8sIu0XPeMbHJemKA0BO7tV0X7+A0FoEpbmHXWxPyD3wQ==

reusify@^1.0.4:
  version "1.1.0"
  resolved "https://registry.npmjs.org/reusify/-/reusify-1.1.0.tgz"
  integrity sha512-g6QUff04oZpHs0eG5p83rFLhHeV00ug/Yf9nZM6fLeUrPguBTkTQOdpAWWspMh55TZfVQDPaN3NQJfbVRAxdIw==

rfdc@^1.2.0, rfdc@^1.3.0:
  version "1.4.1"
  resolved "https://registry.npmjs.org/rfdc/-/rfdc-1.4.1.tgz"
  integrity sha512-q1b3N5QkRUWUl7iyylaaj3kOpIT0N2i9MqIEQXP73GVsN9cw3fdx8X63cEmWhJGi2PPCF23Ijp7ktmd39rawIA==

safe-regex2@^3.1.0:
  version "3.1.0"
  resolved "https://registry.npmjs.org/safe-regex2/-/safe-regex2-3.1.0.tgz"
  integrity sha512-RAAZAGbap2kBfbVhvmnTFv73NWLMvDGOITFYTZBAaY8eR+Ir4ef7Up/e7amo+y1+AH+3PtLkrt9mvcTsG9LXug==
  dependencies:
    ret "~0.4.0"

safe-stable-stringify@^2.3.1:
  version "2.5.0"
  resolved "https://registry.npmjs.org/safe-stable-stringify/-/safe-stable-stringify-2.5.0.tgz"
  integrity sha512-b3rppTKm9T+PsVCBEOUR46GWI7fdOs00VKZ1+9c1EWDaDMvjQc6tUwuFyIprgGgTcWoVHSKrU8H31ZHA2e0RHA==

secure-json-parse@^2.7.0:
  version "2.7.0"
  resolved "https://registry.npmjs.org/secure-json-parse/-/secure-json-parse-2.7.0.tgz"
  integrity sha512-6aU+Rwsezw7VR8/nyvKTx8QpWH9FrcYiXXlqC4z5d5XQBDRqtbfsRjnwGyqbi3gddNtWHuEk9OANUotL26qKUw==

semver@^7.5.4:
  version "7.7.2"
  resolved "https://registry.npmjs.org/semver/-/semver-7.7.2.tgz"
  integrity sha512-RF0Fw+rO5AMf9MAyaRXI4AV0Ulj5lMHqVxxdSgiVbixSCXoEmmX/jk0CuJw4+3SqroYO9VoUh+HcuJivvtJemA==

set-cookie-parser@^2.4.1:
  version "2.7.1"
  resolved "https://registry.npmjs.org/set-cookie-parser/-/set-cookie-parser-2.7.1.tgz"
  integrity sha512-IOc8uWeOZgnb3ptbCURJWNjWUPcO3ZnTTdzsurqERrP6nPyv+paC55vJM0LpOlT2ne+Ix+9+CRG1MNLlyZ4GjQ==

sift@17.1.3:
  version "17.1.3"
  resolved "https://registry.npmjs.org/sift/-/sift-17.1.3.tgz"
  integrity sha512-Rtlj66/b0ICeFzYTuNvX/EF1igRbbnGSvEyT79McoZa/DeGhMyC5pWKOEsZKnpkqtSeovd5FL/bjHWC3CIIvCQ==

sonic-boom@^4.0.1:
  version "4.2.0"
  resolved "https://registry.npmjs.org/sonic-boom/-/sonic-boom-4.2.0.tgz"
  integrity sha512-INb7TM37/mAcsGmc9hyyI6+QR3rR1zVRu36B0NeGXKnOOLiZOfER5SA+N7X7k3yUYRzLWafduTDvJAfDswwEww==
  dependencies:
    atomic-sleep "^1.0.0"

sparse-bitfield@^3.0.3:
  version "3.0.3"
  resolved "https://registry.npmjs.org/sparse-bitfield/-/sparse-bitfield-3.0.3.tgz"
  integrity sha512-kvzhi7vqKTfkh0PZU+2D2PIllw2ymqJKujUcyPMd9Y75Nv4nPbGJZXNhxsgdQab2BmlDct1YnfQCguEvHr7VsQ==
  dependencies:
    memory-pager "^1.0.2"

split2@^4.0.0:
  version "4.2.0"
  resolved "https://registry.npmjs.org/split2/-/split2-4.2.0.tgz"
  integrity sha512-UcjcJOWknrNkF6PLX83qcHM6KHgVKNkV62Y8a5uYDVv9ydGQVwAHMKqHdJje1VTWpljG0WYpCDhrCdAOYH4TWg==

thread-stream@^3.0.0:
  version "3.1.0"
  resolved "https://registry.npmjs.org/thread-stream/-/thread-stream-3.1.0.tgz"
  integrity sha512-OqyPZ9u96VohAyMfJykzmivOrY2wfMSf3C5TtFJVgN+Hm6aj+voFhlK+kZEIv2FBh1X6Xp3DlnCOfEQ3B2J86A==
  dependencies:
    real-require "^0.2.0"

toad-cache@^3.3.0:
  version "3.7.0"
  resolved "https://registry.npmjs.org/toad-cache/-/toad-cache-3.7.0.tgz"
  integrity sha512-/m8M+2BJUpoJdgAHoG+baCwBT+tf2VraSfkBgl0Y00qIWt41DJ8R5B8nsEw0I58YwF5IZH6z24/2TobDKnqSWw==

tr46@^5.1.0:
  version "5.1.1"
  resolved "https://registry.npmjs.org/tr46/-/tr46-5.1.1.tgz"
  integrity sha512-hdF5ZgjTqgAntKkklYw0R03MG2x/bSzTtkxmIRw/sTNV8YXsCJ1tfLAX23lhxhHJlEf3CRCOCGGWw3vI3GaSPw==
  dependencies:
    punycode "^2.3.1"

tsx@^4.16.2:
  version "4.19.4"
  resolved "https://registry.npmjs.org/tsx/-/tsx-4.19.4.tgz"
  integrity sha512-gK5GVzDkJK1SI1zwHf32Mqxf2tSJkNx+eYcNly5+nHvWqXUJYUkWBQtKauoESz3ymezAI++ZwT855x5p5eop+Q==
  dependencies:
    esbuild "~0.25.0"
    get-tsconfig "^4.7.5"
  optionalDependencies:
    fsevents "~2.3.3"

typescript@^5.5.3:
  version "5.8.3"
  resolved "https://registry.npmjs.org/typescript/-/typescript-5.8.3.tgz"
  integrity sha512-p1diW6TqL9L07nNxvRMM7hMMw4c5XOo/1ibL4aAIGmSAt9slTE1Xgw5KWuof2uTOvCg9BY7ZRi+GaF+7sfgPeQ==

undici-types@~6.19.2:
  version "6.19.8"
  resolved "https://registry.npmjs.org/undici-types/-/undici-types-6.19.8.tgz"
  integrity sha512-ve2KP6f/JnbPBFyobGHuerC9g1FYGn/F8n1LWTwNxCEzd6IfqTwUQcNXgEtmmQ6DlRrC1hrSrBnCZPokRrDHjw==

webidl-conversions@^7.0.0:
  version "7.0.0"
  resolved "https://registry.npmjs.org/webidl-conversions/-/webidl-conversions-7.0.0.tgz"
  integrity sha512-VwddBukDzu71offAQR975unBIGqfKZpM+8ZX6ySk8nYhVoo5CYaZyzt3YBvYtRtO+aoGlqxPg/B87NGVZ/fu6g==

"whatwg-url@^14.1.0 || ^13.0.0":
  version "14.2.0"
  resolved "https://registry.npmjs.org/whatwg-url/-/whatwg-url-14.2.0.tgz"
  integrity sha512-De72GdQZzNTUBBChsXueQUnPKDkg/5A5zp7pFDuQAj5UFoENpiACU0wlCvzpAGnTkj++ihpKwKyYewn/XNUbKw==
  dependencies:
    tr46 "^5.1.0"
    webidl-conversions "^7.0.0"
